{"filter":false,"title":"package-lock.json","tooltip":"/turbolinks_verification/package-lock.json","undoManager":{"mark":-1,"position":-1,"stack":[]},"ace":{"folds":[],"scrolltop":159.99999389648437,"scrollleft":0,"selection":{"start":{"row":25,"column":43},"end":{"row":25,"column":43},"isBackwards":false},"options":{"guessTabSize":true,"useWrapMode":false,"wrapToView":true},"firstLineState":{"row":10,"state":"start","mode":"ace/mode/json"}},"timestamp":1696643445564,"hash":"d3f42a020b6fc3249d4aa924a72edbf69a443376"}